
Microsoft Visual Studio Solution File, Format Version 12.00
# Visual Studio Version 17
VisualStudioVersion = 17.9.34728.123
MinimumVisualStudioVersion = 10.0.40219.1
Project("{9A19103F-16F7-4668-BE54-9A1E7A4F7556}") = "ISO_Server", "ISO_Server\ISO_Server.csproj", "{F9DB7A05-FF5F-4CED-97D9-A29B016F1F49}"
EndProject
Project("{2150E333-8FDC-42A3-9474-1A3956D46DE8}") = "Solution Items", "Solution Items", "{2F9C142A-6A3F-485A-8F51-818AECC213A1}"
	ProjectSection(SolutionItems) = preProject
		.gitignore = .gitignore
	EndProjectSection
EndProject
Global
	GlobalSection(SolutionConfigurationPlatforms) = preSolution
		Debug|Any CPU = Debug|Any CPU
		Release|Any CPU = Release|Any CPU
	EndGlobalSection
	GlobalSection(ProjectConfigurationPlatforms) = postSolution
		{F9DB7A05-FF5F-4CED-97D9-A29B016F1F49}.Debug|Any CPU.ActiveCfg = Debug|Any CPU
		{F9DB7A05-FF5F-4CED-97D9-A29B016F1F49}.Debug|Any CPU.Build.0 = Debug|Any CPU
		{F9DB7A05-FF5F-4CED-97D9-A29B016F1F49}.Release|Any CPU.ActiveCfg = Release|Any CPU
		{F9DB7A05-FF5F-4CED-97D9-A29B016F1F49}.Release|Any CPU.Build.0 = Release|Any CPU
	EndGlobalSection
	GlobalSection(SolutionProperties) = preSolution
		HideSolutionNode = FALSE
	EndGlobalSection
	GlobalSection(ExtensibilityGlobals) = postSolution
		SolutionGuid = {BCF179F5-F381-4E09-8DDA-0F11485D4648}
	EndGlobalSection
EndGlobal
